// !$*UTF8*$!
{
	archiveVersion = 1;
	classes = {
	};
	objectVersion = 56;
	objects = {

/* Begin PBXBuildFile section */
		04DEABAA2DF0E02900014BCD /* Aula_03_D1App.swift in Sources */ = {isa = PBXBuildFile; fileRef = 04DEABA92DF0E02900014BCD /* Aula_03_D1App.swift */; };
		04DEABAC2DF0E02900014BCD /* ContentView.swift in Sources */ = {isa = PBXBuildFile; fileRef = 04DEABAB2DF0E02900014BCD /* ContentView.swift */; };
		04DEABAE2DF0E02A00014BCD /* Assets.xcassets in Resources */ = {isa = PBXBuildFile; fileRef = 04DEABAD2DF0E02A00014BCD /* Assets.xcassets */; };
		04DEABB12DF0E02A00014BCD /* Preview Assets.xcassets in Resources */ = {isa = PBXBuildFile; fileRef = 04DEABB02DF0E02A00014BCD /* Preview Assets.xcassets */; };
		04DEABB82DF0E14200014BCD /* RosaView.swift in Sources */ = {isa = PBXBuildFile; fileRef = 04DEABB72DF0E14200014BCD /* RosaView.swift */; };
		04DEABBA2DF0E16100014BCD /* AzulView.swift in Sources */ = {isa = PBXBuildFile; fileRef = 04DEABB92DF0E16100014BCD /* AzulView.swift */; };
		04DEABBC2DF0E17A00014BCD /* CinzaView.swift in Sources */ = {isa = PBXBuildFile; fileRef = 04DEABBB2DF0E17A00014BCD /* CinzaView.swift */; };
		04DEABBE2DF0E19300014BCD /* ListaView.swift in Sources */ = {isa = PBXBuildFile; fileRef = 04DEABBD2DF0E19300014BCD /* ListaView.swift */; };
/* End PBXBuildFile section */

/* Begin PBXFileReference section */
		04DEABA62DF0E02900014BCD /* Aula 03-D1.app */ = {isa = PBXFileReference; explicitFileType = wrapper.application; includeInIndex = 0; path = "Aula 03-D1.app"; sourceTree = BUILT_PRODUCTS_DIR; };
		04DEABA92DF0E02900014BCD /* Aula_03_D1App.swift */ = {isa = PBXFileReference; lastKnownFileType = sourcecode.swift; path = Aula_03_D1App.swift; sourceTree = "<group>"; };
		04DEABAB2DF0E02900014BCD /* ContentView.swift */ = {isa = PBXFileReference; lastKnownFileType = sourcecode.swift; path = ContentView.swift; sourceTree = "<group>"; };
		04DEABAD2DF0E02A00014BCD /* Assets.xcassets */ = {isa = PBXFileReference; lastKnownFileType = folder.assetcatalog; path = Assets.xcassets; sourceTree = "<group>"; };
		04DEABB02DF0E02A00014BCD /* Preview Assets.xcassets */ = {isa = PBXFileReference; lastKnownFileType = folder.assetcatalog; path = "Preview Assets.xcassets"; sourceTree = "<group>"; };
		04DEABB72DF0E14200014BCD /* RosaView.swift */ = {isa = PBXFileReference; lastKnownFileType = sourcecode.swift; path = RosaView.swift; sourceTree = "<group>"; };
		04DEABB92DF0E16100014BCD /* AzulView.swift */ = {isa = PBXFileReference; lastKnownFileType = sourcecode.swift; path = AzulView.swift; sourceTree = SOURCE_ROOT; };
		04DEABBB2DF0E17A00014BCD /* CinzaView.swift */ = {isa = PBXFileReference; lastKnownFileType = sourcecode.swift; path = CinzaView.swift; sourceTree = "<group>"; };
		04DEABBD2DF0E19300014BCD /* ListaView.swift */ = {isa = PBXFileReference; lastKnownFileType = sourcecode.swift; path = ListaView.swift; sourceTree = "<group>"; };
/* End PBXFileReference section */

/* Begin PBXFrameworksBuildPhase section */
		04DEABA32DF0E02900014BCD /* Frameworks */ = {
			isa = PBXFrameworksBuildPhase;
			buildActionMask = 2147483647;
			files = (
			);
			runOnlyForDeploymentPostprocessing = 0;
		};
/* End PBXFrameworksBuildPhase section */

/* Begin PBXGroup section */
		04DEAB9D2DF0E02900014BCD = {
			isa = PBXGroup;
			children = (
				04DEABA82DF0E02900014BCD /* Aula 03-D1 */,
				04DEABA72DF0E02900014BCD /* Products */,
			);
			sourceTree = "<group>";
		};
		04DEABA72DF0E02900014BCD /* Products */ = {
			isa = PBXGroup;
			children = (
				04DEABA62DF0E02900014BCD /* Aula 03-D1.app */,
			);
			name = Products;
			sourceTree = "<group>";
		};
		04DEABA82DF0E02900014BCD /* Aula 03-D1 */ = {
			isa = PBXGroup;
			children = (
				04DEABB92DF0E16100014BCD /* AzulView.swift */,
				04DEABA92DF0E02900014BCD /* Aula_03_D1App.swift */,
				04DEABAB2DF0E02900014BCD /* ContentView.swift */,
				04DEABBD2DF0E19300014BCD /* ListaView.swift */,
				04DEABBB2DF0E17A00014BCD /* CinzaView.swift */,
				04DEABB72DF0E14200014BCD /* RosaView.swift */,
				04DEABAD2DF0E02A00014BCD /* Assets.xcassets */,
				04DEABAF2DF0E02A00014BCD /* Preview Content */,
			);
			path = "Aula 03-D1";
			sourceTree = "<group>";
		};
		04DEABAF2DF0E02A00014BCD /* Preview Content */ = {
			isa = PBXGroup;
			children = (
				04DEABB02DF0E02A00014BCD /* Preview Assets.xcassets */,
			);
			path = "Preview Content";
			sourceTree = "<group>";
		};
/* End PBXGroup section */

/* Begin PBXNativeTarget section */
		04DEABA52DF0E02900014BCD /* Aula 03-D1 */ = {
			isa = PBXNativeTarget;
			buildConfigurationList = 04DEABB42DF0E02A00014BCD /* Build configuration list for PBXNativeTarget "Aula 03-D1" */;
			buildPhases = (
				04DEABA22DF0E02900014BCD /* Sources */,
				04DEABA32DF0E02900014BCD /* Frameworks */,
				04DEABA42DF0E02900014BCD /* Resources */,
			);
			buildRules = (
			);
			dependencies = (
			);
			name = "Aula 03-D1";
			productName = "Aula 03-D1";
			productReference = 04DEABA62DF0E02900014BCD /* Aula 03-D1.app */;
			productType = "com.apple.product-type.application";
		};
/* End PBXNativeTarget section */

/* Begin PBXProject section */
		04DEAB9E2DF0E02900014BCD /* Project object */ = {
			isa = PBXProject;
			attributes = {
				BuildIndependentTargetsInParallel = 1;
				LastSwiftUpdateCheck = 1520;
				LastUpgradeCheck = 1520;
				TargetAttributes = {
					04DEABA52DF0E02900014BCD = {
						CreatedOnToolsVersion = 15.2;
					};
				};
			};
			buildConfigurationList = 04DEABA12DF0E02900014BCD /* Build configuration list for PBXProject "Aula 03-D1" */;
			compatibilityVersion = "Xcode 14.0";
			developmentRegion = en;
			hasScannedForEncodings = 0;
			knownRegions = (
				en,
				Base,
			);
			mainGroup = 04DEAB9D2DF0E02900014BCD;
			productRefGroup = 04DEABA72DF0E02900014BCD /* Products */;
			projectDirPath = "";
			projectRoot = "";
			targets = (
				04DEABA52DF0E02900014BCD /* Aula 03-D1 */,
			);
		};
/* End PBXProject section */

/* Begin PBXResourcesBuildPhase section */
		04DEABA42DF0E02900014BCD /* Resources */ = {
			isa = PBXResourcesBuildPhase;
			buildActionMask = 2147483647;
			files = (
				04DEABB12DF0E02A00014BCD /* Preview Assets.xcassets in Resources */,
				04DEABAE2DF0E02A00014BCD /* Assets.xcassets in Resources */,
			);
			runOnlyForDeploymentPostprocessing = 0;
		};
/* End PBXResourcesBuildPhase section */

/* Begin PBXSourcesBuildPhase section */
		04DEABA22DF0E02900014BCD /* Sources */ = {
			isa = PBXSourcesBuildPhase;
			buildActionMask = 2147483647;
			files = (
				04DEABBA2DF0E16100014BCD /* AzulView.swift in Sources */,
				04DEABBC2DF0E17A00014BCD /* CinzaView.swift in Sources */,
				04DEABBE2DF0E19300014BCD /* ListaView.swift in Sources */,
				04DEABB82DF0E14200014BCD /* RosaView.swift in Sources */,
				04DEABAC2DF0E02900014BCD /* ContentView.swift in Sources */,
				04DEABAA2DF0E02900014BCD /* Aula_03_D1App.swift in Sources */,
			);
			runOnlyForDeploymentPostprocessing = 0;
		};
/* End PBXSourcesBuildPhase section */

/* Begin XCBuildConfiguration section */
		04DEABB22DF0E02A00014BCD /* Debug */ = {
			isa = XCBuildConfiguration;
			buildSettings = {
				ALWAYS_SEARCH_USER_PATHS = NO;
				ASSETCATALOG_COMPILER_GENERATE_SWIFT_ASSET_SYMBOL_EXTENSIONS = YES;
				CLANG_ANALYZER_NONNULL = YES;
				CLANG_ANALYZER_NUMBER_OBJECT_CONVERSION = YES_AGGRESSIVE;
				CLANG_CXX_LANGUAGE_STANDARD = "gnu++20";
				CLANG_ENABLE_MODULES = YES;
				CLANG_ENABLE_OBJC_ARC = YES;
				CLANG_ENABLE_OBJC_WEAK = YES;
				CLANG_WARN_BLOCK_CAPTURE_AUTORELEASING = YES;
				CLANG_WARN_BOOL_CONVERSION = YES;
				CLANG_WARN_COMMA = YES;
				CLANG_WARN_CONSTANT_CONVERSION = YES;
				CLANG_WARN_DEPRECATED_OBJC_IMPLEMENTATIONS = YES;
				CLANG_WARN_DIRECT_OBJC_ISA_USAGE = YES_ERROR;
				CLANG_WARN_DOCUMENTATION_COMMENTS = YES;
				CLANG_WARN_EMPTY_BODY = YES;
				CLANG_WARN_ENUM_CONVERSION = YES;
				CLANG_WARN_INFINITE_RECURSION = YES;
				CLANG_WARN_INT_CONVERSION = YES;
				CLANG_WARN_NON_LITERAL_NULL_CONVERSION = YES;
				CLANG_WARN_OBJC_IMPLICIT_RETAIN_SELF = YES;
				CLANG_WARN_OBJC_LITERAL_CONVERSION = YES;
				CLANG_WARN_OBJC_ROOT_CLASS = YES_ERROR;
				CLANG_WARN_QUOTED_INCLUDE_IN_FRAMEWORK_HEADER = YES;
				CLANG_WARN_RANGE_LOOP_ANALYSIS = YES;
				CLANG_WARN_STRICT_PROTOTYPES = YES;
				CLANG_WARN_SUSPICIOUS_MOVE = YES;
				CLANG_WARN_UNGUARDED_AVAILABILITY = YES_AGGRESSIVE;
				CLANG_WARN_UNREACHABLE_CODE = YES;
				CLANG_WARN__DUPLICATE_METHOD_MATCH = YES;
				COPY_PHASE_STRIP = NO;
				DEBUG_INFORMATION_FORMAT = dwarf;
				ENABLE_STRICT_OBJC_MSGSEND = YES;
				ENABLE_TESTABILITY = YES;
				ENABLE_USER_SCRIPT_SANDBOXING = YES;
				GCC_C_LANGUAGE_STANDARD = gnu17;
				GCC_DYNAMIC_NO_PIC = NO;
				GCC_NO_COMMON_BLOCKS = YES;
				GCC_OPTIMIZATION_LEVEL = 0;
				GCC_PREPROCESSOR_DEFINITIONS = (
					"DEBUG=1",
					"$(inherited)",
				);
				GCC_WARN_64_TO_32_BIT_CONVERSION = YES;
				GCC_WARN_ABOUT_RETURN_TYPE = YES_ERROR;
				GCC_WARN_UNDECLARED_SELECTOR = YES;
				GCC_WARN_UNINITIALIZED_AUTOS = YES_AGGRESSIVE;
				GCC_WARN_UNUSED_FUNCTION = YES;
				GCC_WARN_UNUSED_VARIABLE = YES;
				IPHONEOS_DEPLOYMENT_TARGET = 17.2;
				LOCALIZATION_PREFERS_STRING_CATALOGS = YES;
				MTL_ENABLE_DEBUG_INFO = INCLUDE_SOURCE;
				MTL_FAST_MATH = YES;
				ONLY_ACTIVE_ARCH = YES;
				SDKROOT = iphoneos;
				SWIFT_ACTIVE_COMPILATION_CONDITIONS = "DEBUG $(inherited)";
				SWIFT_OPTIMIZATION_LEVEL = "-Onone";
			};
			name = Debug;
		};
		04DEABB32DF0E02A00014BCD /* Release */ = {
			isa = XCBuildConfiguration;
			buildSettings = {
				ALWAYS_SEARCH_USER_PATHS = NO;
				ASSETCATALOG_COMPILER_GENERATE_SWIFT_ASSET_SYMBOL_EXTENSIONS = YES;
				CLANG_ANALYZER_NONNULL = YES;
				CLANG_ANALYZER_NUMBER_OBJECT_CONVERSION = YES_AGGRESSIVE;
				CLANG_CXX_LANGUAGE_STANDARD = "gnu++20";
				CLANG_ENABLE_MODULES = YES;
				CLANG_ENABLE_OBJC_ARC = YES;
				CLANG_ENABLE_OBJC_WEAK = YES;
				CLANG_WARN_BLOCK_CAPTURE_AUTORELEASING = YES;
				CLANG_WARN_BOOL_CONVERSION = YES;
				CLANG_WARN_COMMA = YES;
				CLANG_WARN_CONSTANT_CONVERSION = YES;
				CLANG_WARN_DEPRECATED_OBJC_IMPLEMENTATIONS = YES;
				CLANG_WARN_DIRECT_OBJC_ISA_USAGE = YES_ERROR;
				CLANG_WARN_DOCUMENTATION_COMMENTS = YES;
				CLANG_WARN_EMPTY_BODY = YES;
				CLANG_WARN_ENUM_CONVERSION = YES;
				CLANG_WARN_INFINITE_RECURSION = YES;
				CLANG_WARN_INT_CONVERSION = YES;
				CLANG_WARN_NON_LITERAL_NULL_CONVERSION = YES;
				CLANG_WARN_OBJC_IMPLICIT_RETAIN_SELF = YES;
				CLANG_WARN_OBJC_LITERAL_CONVERSION = YES;
				CLANG_WARN_OBJC_ROOT_CLASS = YES_ERROR;
				CLANG_WARN_QUOTED_INCLUDE_IN_FRAMEWORK_HEADER = YES;
				CLANG_WARN_RANGE_LOOP_ANALYSIS = YES;
				CLANG_WARN_STRICT_PROTOTYPES = YES;
				CLANG_WARN_SUSPICIOUS_MOVE = YES;
				CLANG_WARN_UNGUARDED_AVAILABILITY = YES_AGGRESSIVE;
				CLANG_WARN_UNREACHABLE_CODE = YES;
				CLANG_WARN__DUPLICATE_METHOD_MATCH = YES;
				COPY_PHASE_STRIP = NO;
				DEBUG_INFORMATION_FORMAT = "dwarf-with-dsym";
				ENABLE_NS_ASSERTIONS = NO;
				ENABLE_STRICT_OBJC_MSGSEND = YES;
				ENABLE_USER_SCRIPT_SANDBOXING = YES;
				GCC_C_LANGUAGE_STANDARD = gnu17;
				GCC_NO_COMMON_BLOCKS = YES;
				GCC_WARN_64_TO_32_BIT_CONVERSION = YES;
				GCC_WARN_ABOUT_RETURN_TYPE = YES_ERROR;
				GCC_WARN_UNDECLARED_SELECTOR = YES;
				GCC_WARN_UNINITIALIZED_AUTOS = YES_AGGRESSIVE;
				GCC_WARN_UNUSED_FUNCTION = YES;
				GCC_WARN_UNUSED_VARIABLE = YES;
				IPHONEOS_DEPLOYMENT_TARGET = 17.2;
				LOCALIZATION_PREFERS_STRING_CATALOGS = YES;
				MTL_ENABLE_DEBUG_INFO = NO;
				MTL_FAST_MATH = YES;
				SDKROOT = iphoneos;
				SWIFT_COMPILATION_MODE = wholemodule;
				VALIDATE_PRODUCT = YES;
			};
			name = Release;
		};
		04DEABB52DF0E02A00014BCD /* Debug */ = {
			isa = XCBuildConfiguration;
			buildSettings = {
				ASSETCATALOG_COMPILER_APPICON_NAME = AppIcon;
				ASSETCATALOG_COMPILER_GLOBAL_ACCENT_COLOR_NAME = AccentColor;
				CODE_SIGN_STYLE = Automatic;
				CURRENT_PROJECT_VERSION = 1;
				DEVELOPMENT_ASSET_PATHS = "\"Aula 03-D1/Preview Content\"";
				ENABLE_PREVIEWS = YES;
				GENERATE_INFOPLIST_FILE = YES;
				INFOPLIST_KEY_UIApplicationSceneManifest_Generation = YES;
				INFOPLIST_KEY_UIApplicationSupportsIndirectInputEvents = YES;
				INFOPLIST_KEY_UILaunchScreen_Generation = YES;
				INFOPLIST_KEY_UISupportedInterfaceOrientations_iPad = "UIInterfaceOrientationPortrait UIInterfaceOrientationPortraitUpsideDown UIInterfaceOrientationLandscapeLeft UIInterfaceOrientationLandscapeRight";
				INFOPLIST_KEY_UISupportedInterfaceOrientations_iPhone = "UIInterfaceOrientationPortrait UIInterfaceOrientationLandscapeLeft UIInterfaceOrientationLandscapeRight";
				LD_RUNPATH_SEARCH_PATHS = (
					"$(inherited)",
					"@executable_path/Frameworks",
				);
				MARKETING_VERSION = 1.0;
				PRODUCT_BUNDLE_IDENTIFIER = "aluno07.Aula-03-D1";
				PRODUCT_NAME = "$(TARGET_NAME)";
				SWIFT_EMIT_LOC_STRINGS = YES;
				SWIFT_VERSION = 5.0;
				TARGETED_DEVICE_FAMILY = "1,2";
			};
			name = Debug;
		};
		04DEABB62DF0E02A00014BCD /* Release */ = {
			isa = XCBuildConfiguration;
			buildSettings = {
				ASSETCATALOG_COMPILER_APPICON_NAME = AppIcon;
				ASSETCATALOG_COMPILER_GLOBAL_ACCENT_COLOR_NAME = AccentColor;
				CODE_SIGN_STYLE = Automatic;
				CURRENT_PROJECT_VERSION = 1;
				DEVELOPMENT_ASSET_PATHS = "\"Aula 03-D1/Preview Content\"";
				ENABLE_PREVIEWS = YES;
				GENERATE_INFOPLIST_FILE = YES;
				INFOPLIST_KEY_UIApplicationSceneManifest_Generation = YES;
				INFOPLIST_KEY_UIApplicationSupportsIndirectInputEvents = YES;
				INFOPLIST_KEY_UILaunchScreen_Generation = YES;
				INFOPLIST_KEY_UISupportedInterfaceOrientations_iPad = "UIInterfaceOrientationPortrait UIInterfaceOrientationPortraitUpsideDown UIInterfaceOrientationLandscapeLeft UIInterfaceOrientationLandscapeRight";
				INFOPLIST_KEY_UISupportedInterfaceOrientations_iPhone = "UIInterfaceOrientationPortrait UIInterfaceOrientationLandscapeLeft UIInterfaceOrientationLandscapeRight";
				LD_RUNPATH_SEARCH_PATHS = (
					"$(inherited)",
					"@executable_path/Frameworks",
				);
				MARKETING_VERSION = 1.0;
				PRODUCT_BUNDLE_IDENTIFIER = "aluno07.Aula-03-D1";
				PRODUCT_NAME = "$(TARGET_NAME)";
				SWIFT_EMIT_LOC_STRINGS = YES;
				SWIFT_VERSION = 5.0;
				TARGETED_DEVICE_FAMILY = "1,2";
			};
			name = Release;
		};
/* End XCBuildConfiguration section */

/* Begin XCConfigurationList section */
		04DEABA12DF0E02900014BCD /* Build configuration list for PBXProject "Aula 03-D1" */ = {
			isa = XCConfigurationList;
			buildConfigurations = (
				04DEABB22DF0E02A00014BCD /* Debug */,
				04DEABB32DF0E02A00014BCD /* Release */,
			);
			defaultConfigurationIsVisible = 0;
			defaultConfigurationName = Release;
		};
		04DEABB42DF0E02A00014BCD /* Build configuration list for PBXNativeTarget "Aula 03-D1" */ = {
			isa = XCConfigurationList;
			buildConfigurations = (
				04DEABB52DF0E02A00014BCD /* Debug */,
				04DEABB62DF0E02A00014BCD /* Release */,
			);
			defaultConfigurationIsVisible = 0;
			defaultConfigurationName = Release;
		};
/* End XCConfigurationList section */
	};
	rootObject = 04DEAB9E2DF0E02900014BCD /* Project object */;
}
